
Microsoft Visual Studio Solution File, Format Version 12.00
# Visual Studio Version 16
VisualStudioVersion = 16.0.29230.47
MinimumVisualStudioVersion = 10.0.40219.1
Project("{FAE04EC0-301F-11D3-BF4B-00C04F79EFBC}") = "TESHApp", "TESHApp\TESHApp.csproj", "{9ADA72D9-4BC0-4463-AFB8-170FA35D84DE}"
EndProject
Global
	GlobalSection(SolutionConfigurationPlatforms) = preSolution
		Debug|Any CPU = Debug|Any CPU
		Release|Any CPU = Release|Any CPU
	EndGlobalSection
	GlobalSection(ProjectConfigurationPlatforms) = postSolution
		{9ADA72D9-4BC0-4463-AFB8-170FA35D84DE}.Debug|Any CPU.ActiveCfg = Debug|Any CPU
		{9ADA72D9-4BC0-4463-AFB8-170FA35D84DE}.Debug|Any CPU.Build.0 = Debug|Any CPU
		{9ADA72D9-4BC0-4463-AFB8-170FA35D84DE}.Release|Any CPU.ActiveCfg = Release|Any CPU
		{9ADA72D9-4BC0-4463-AFB8-170FA35D84DE}.Release|Any CPU.Build.0 = Release|Any CPU
	EndGlobalSection
	GlobalSection(SolutionProperties) = preSolution
		HideSolutionNode = FALSE
	EndGlobalSection
	GlobalSection(ExtensibilityGlobals) = postSolution
		SolutionGuid = {A2916297-14E8-4BC7-841A-B5C77A5FABF5}
	EndGlobalSection
EndGlobal
